{
  "version": 4,
  "terraform_version": "1.13.4",
  "serial": 46,
  "lineage": "3451d821-8c1a-17a6-a327-bc47f34d7cb8",
  "outputs": {
    "decort_resgroup": {
      "value": {
        "access": [],
        "account_id": 3,
        "account_name": "VUZ_Teacher",
        "acl": [
          {
            "explicit": true,
            "guid": "",
            "right": "ARCXDU",
            "status": "CONFIRMED",
            "type": "U",
            "user_group_id": "evgeniy_polyakov_2@decs3o"
          }
        ],
        "compute_features": [],
        "cpu_allocation_parameter": "",
        "cpu_allocation_ratio": 0,
        "def_net": [],
        "def_net_id": -1,
        "def_net_type": "NONE",
        "deleted_by": "",
        "deleted_time": 0,
        "description": "",
        "dirty": false,
        "enable": true,
        "ext_ip": null,
        "ext_net_id": 0,
        "force": false,
        "gid": 2001,
        "guid": 330,
        "id": "330",
        "ipcidr": null,
        "lock_status": "UNLOCKED",
        "milestones": 6203,
        "name": "Elite",
        "owner": null,
        "permanently": true,
        "quota": [
          {
            "cpu": -1,
            "cu_d": -1,
            "disk": -1,
            "ext_ips": -1,
            "ext_traffic": -1,
            "gpu_units": -1,
            "ram": -1
          }
        ],
        "res_types": [],
        "restore": false,
        "rg_id": 330,
        "secret": "",
        "status": "CREATED",
        "timeouts": null,
        "uniq_pools": [],
        "updated_by": "evgeniy_polyakov_2@decs3o",
        "updated_time": 1763044948,
        "vins": [],
        "vms": []
      },
      "type": [
        "object",
        {
          "access": [
            "set",
            [
              "object",
              {
                "right": "string",
                "user": "string"
              }
            ]
          ],
          "account_id": "number",
          "account_name": "string",
          "acl": [
            "list",
            [
              "object",
              {
                "explicit": "bool",
                "guid": "string",
                "right": "string",
                "status": "string",
                "type": "string",
                "user_group_id": "string"
              }
            ]
          ],
          "compute_features": [
            "list",
            "string"
          ],
          "cpu_allocation_parameter": "string",
          "cpu_allocation_ratio": "number",
          "def_net": [
            "set",
            [
              "object",
              {
                "net_id": "number",
                "net_type": "string"
              }
            ]
          ],
          "def_net_id": "number",
          "def_net_type": "string",
          "deleted_by": "string",
          "deleted_time": "number",
          "description": "string",
          "dirty": "bool",
          "enable": "bool",
          "ext_ip": "string",
          "ext_net_id": "number",
          "force": "bool",
          "gid": "number",
          "guid": "number",
          "id": "string",
          "ipcidr": "string",
          "lock_status": "string",
          "milestones": "number",
          "name": "string",
          "owner": "string",
          "permanently": "bool",
          "quota": [
            "list",
            [
              "object",
              {
                "cpu": "number",
                "cu_d": "number",
                "disk": "number",
                "ext_ips": "number",
                "ext_traffic": "number",
                "gpu_units": "number",
                "ram": "number"
              }
            ]
          ],
          "res_types": [
            "list",
            "string"
          ],
          "restore": "bool",
          "rg_id": "number",
          "secret": "string",
          "status": "string",
          "timeouts": [
            "object",
            {
              "create": "string",
              "default": "string",
              "delete": "string",
              "read": "string",
              "update": "string"
            }
          ],
          "uniq_pools": [
            "list",
            "string"
          ],
          "updated_by": "string",
          "updated_time": "number",
          "vins": [
            "list",
            "number"
          ],
          "vms": [
            "list",
            "number"
          ]
        }
      ]
    }
  },
  "resources": [
    {
      "mode": "managed",
      "type": "decort_resgroup",
      "name": "rg",
      "provider": "provider[\"basis/decort/decort\"]",
      "instances": [
        {
          "schema_version": 2,
          "attributes": {
            "access": [],
            "account_id": 3,
            "account_name": "VUZ_Teacher",
            "acl": [
              {
                "explicit": true,
                "guid": "",
                "right": "ARCXDU",
                "status": "CONFIRMED",
                "type": "U",
                "user_group_id": "evgeniy_polyakov_2@decs3o"
              }
            ],
            "compute_features": [],
            "cpu_allocation_parameter": "",
            "cpu_allocation_ratio": 0,
            "def_net": [],
            "def_net_id": -1,
            "def_net_type": "NONE",
            "deleted_by": "",
            "deleted_time": 0,
            "description": "",
            "dirty": false,
            "enable": true,
            "ext_ip": null,
            "ext_net_id": 0,
            "force": false,
            "gid": 2001,
            "guid": 330,
            "id": "330",
            "ipcidr": null,
            "lock_status": "UNLOCKED",
            "milestones": 6203,
            "name": "Elite",
            "owner": null,
            "permanently": true,
            "quota": [
              {
                "cpu": -1,
                "cu_d": -1,
                "disk": -1,
                "ext_ips": -1,
                "ext_traffic": -1,
                "gpu_units": -1,
                "ram": -1
              }
            ],
            "res_types": [],
            "restore": false,
            "rg_id": 330,
            "secret": "",
            "status": "CREATED",
            "timeouts": null,
            "uniq_pools": [],
            "updated_by": "evgeniy_polyakov_2@decs3o",
            "updated_time": 1763044948,
            "vins": [],
            "vms": []
          },
          "sensitive_attributes": [],
          "identity_schema_version": 0,
          "private": "eyJlMmJmYjczMC1lY2FhLTExZTYtOGY4OC0zNDM2M2JjN2M0YzAiOnsiY3JlYXRlIjo2MDAwMDAwMDAwMDAsImRlZmF1bHQiOjMwMDAwMDAwMDAwMCwiZGVsZXRlIjozMDAwMDAwMDAwMDAsInJlYWQiOjMwMDAwMDAwMDAwMCwidXBkYXRlIjo2MDAwMDAwMDAwMDB9LCJzY2hlbWFfdmVyc2lvbiI6IjIifQ=="
        }
      ]
    },
    {
      "mode": "managed",
      "type": "decort_vins",
      "name": "vins",
      "provider": "provider[\"basis/decort/decort\"]",
      "instances": [
        {
          "schema_version": 1,
          "attributes": {
            "account_id": 3,
            "account_name": "VUZ_Teacher",
            "computes": [],
            "created_by": "evgeniy_polyakov_2@decs3o",
            "created_time": 1763044955,
            "default_gw": "192.168.199.1",
            "default_qos": [
              {
                "e_rate": 0,
                "guid": "",
                "in_brust": 0,
                "in_rate": 0
              }
            ],
            "deleted_by": "",
            "deleted_time": 0,
            "desc": "",
            "dns": null,
            "enable": true,
            "ext_ip_addr": "10.0.88.202",
            "ext_net": [],
            "ext_net_id": 4,
            "force": false,
            "gid": 2001,
            "guid": 295,
            "id": "295",
            "ip": [],
            "ipcidr": "192.168.199.0/24",
            "lock_status": "UNLOCKED",
            "manager_id": 0,
            "manager_type": "",
            "milestones": 6204,
            "name": "elite_main_nw",
            "nat_rule": [],
            "net_mask": 24,
            "network": "192.168.199.0",
            "permanently": true,
            "pre_reservations_num": 0,
            "redundant": false,
            "restore": false,
            "rg_id": 330,
            "rg_name": "Elite",
            "sec_vnf_dev_id": 0,
            "status": "ENABLED",
            "timeouts": null,
            "updated_by": "evgeniy_polyakov_2@decs3o",
            "updated_time": 1763045046,
            "user_managed": true,
            "vins_id": 295,
            "vnf_dev": [
              {
                "_ckey": "",
                "account_id": 3,
                "capabilities": [
                  "GW",
                  "DHCP",
                  "NAT"
                ],
                "config": [
                  {
                    "mgmt": [
                      {
                        "ip_addr": "10.199.1.62",
                        "password": "33929b8e-e95a-49ea-9867-655802b9a427",
                        "ssh_key": "",
                        "user": "vyos"
                      }
                    ],
                    "resources": [
                      {
                        "cpu": 1,
                        "ram": 1024,
                        "stack_id": 5,
                        "uuid": "48ad48d8-ece8-451b-87dc-03be077f2e33"
                      }
                    ]
                  }
                ],
                "config_saved": false,
                "custom_pre_cfg": false,
                "desc": "",
                "gid": 2001,
                "guid": 306,
                "interfaces": [
                  {
                    "bus_number": 0,
                    "conn_id": 0,
                    "conn_type": "VXLAN",
                    "def_gw": "",
                    "enabled": true,
                    "flipgroup_id": 0,
                    "guid": "",
                    "ip_address": "10.199.1.62",
                    "libvirt_settings": [
                      {
                        "event_idx": "",
                        "guid": "",
                        "ioeventfd": "",
                        "queues": 0,
                        "rx_queue_size": 0,
                        "tx_queue_size": 0,
                        "txmode": ""
                      }
                    ],
                    "listen_ssh": true,
                    "mac": "52:54:00:00:0d:25",
                    "mtu": 1500,
                    "name": "ens9",
                    "net_id": 0,
                    "net_mask": 19,
                    "net_type": "",
                    "node_id": 0,
                    "pci_slot": 9,
                    "qos": [
                      {
                        "e_rate": 0,
                        "guid": "",
                        "in_brust": 0,
                        "in_rate": 0
                      }
                    ],
                    "target": "gwm-0306",
                    "type": "MGMT",
                    "vnfs": []
                  },
                  {
                    "bus_number": 0,
                    "conn_id": 88,
                    "conn_type": "VLAN",
                    "def_gw": "10.0.88.1",
                    "enabled": true,
                    "flipgroup_id": 0,
                    "guid": "",
                    "ip_address": "10.0.88.202",
                    "libvirt_settings": [
                      {
                        "event_idx": "",
                        "guid": "",
                        "ioeventfd": "",
                        "queues": 0,
                        "rx_queue_size": 0,
                        "tx_queue_size": 0,
                        "txmode": ""
                      }
                    ],
                    "listen_ssh": false,
                    "mac": "52:54:00:00:0d:26",
                    "mtu": 1500,
                    "name": "ens10",
                    "net_id": 0,
                    "net_mask": 24,
                    "net_type": "",
                    "node_id": 0,
                    "pci_slot": 10,
                    "qos": [
                      {
                        "e_rate": 0,
                        "guid": "",
                        "in_brust": 0,
                        "in_rate": 0
                      }
                    ],
                    "target": "pub-0058-0306",
                    "type": "VNF",
                    "vnfs": [
                      755,
                      757
                    ]
                  },
                  {
                    "bus_number": 0,
                    "conn_id": 218,
                    "conn_type": "VXLAN",
                    "def_gw": "192.168.199.1",
                    "enabled": true,
                    "flipgroup_id": 0,
                    "guid": "",
                    "ip_address": "192.168.199.1",
                    "libvirt_settings": [
                      {
                        "event_idx": "",
                        "guid": "",
                        "ioeventfd": "",
                        "queues": 0,
                        "rx_queue_size": 0,
                        "tx_queue_size": 0,
                        "txmode": ""
                      }
                    ],
                    "listen_ssh": false,
                    "mac": "52:54:00:00:0d:27",
                    "mtu": 1500,
                    "name": "ens11",
                    "net_id": 0,
                    "net_mask": 24,
                    "net_type": "",
                    "node_id": 0,
                    "pci_slot": 11,
                    "qos": [
                      {
                        "e_rate": 0,
                        "guid": "",
                        "in_brust": 0,
                        "in_rate": 0
                      }
                    ],
                    "target": "spc-00da-0306",
                    "type": "VNF",
                    "vnfs": [
                      756,
                      757
                    ]
                  }
                ],
                "lock_status": "UNLOCKED",
                "milestones": 6205,
                "status": "CREATED",
                "tech_status": "STARTED",
                "type": "vyos",
                "vins": [
                  295
                ],
                "vnc_password": "HGiIqppF",
                "vnf_id": 306,
                "vnf_name": "vnfdev-vyos_0132"
              }
            ],
            "vnfdev_redeploy": false,
            "vnfdev_restart": false,
            "vnfs": [
              {
                "dhcp": [
                  {
                    "_ckey": "",
                    "account_id": 3,
                    "config": [
                      {
                        "default_gw": "192.168.199.1",
                        "dns": [
                          "8.8.8.8"
                        ],
                        "ip_end": "192.168.199.254",
                        "ip_start": "192.168.199.2",
                        "lease": 86000,
                        "netmask": 24,
                        "network": "192.168.199.0",
                        "reservations": [
                          {
                            "account_id": 0,
                            "ip": "192.168.199.1",
                            "mac": "52:54:00:00:0d:27",
                            "type": "SERVICE",
                            "vm_id": 0
                          }
                        ]
                      }
                    ],
                    "created_time": 1763044968,
                    "devices": [
                      {
                        "primary": [
                          {
                            "dev_id": 306,
                            "iface01": "ens11",
                            "iface02": ""
                          }
                        ]
                      }
                    ],
                    "dhcp_id": 756,
                    "gid": 2001,
                    "guid": 756,
                    "lock_status": "UNLOCKED",
                    "milestones": 6207,
                    "owner_id": 295,
                    "owner_type": "VINS",
                    "pure_virtual": true,
                    "routes": [],
                    "status": "ENABLED",
                    "tech_status": "STARTED",
                    "type": "DHCP"
                  }
                ],
                "gw": [
                  {
                    "_ckey": "",
                    "account_id": 3,
                    "config": [
                      {
                        "default_gw": "10.0.88.1",
                        "ext_net_id": 4,
                        "ext_net_ip": "10.0.88.202",
                        "ext_netmask": 24,
                        "qos": [
                          {
                            "e_rate": 0,
                            "guid": "",
                            "in_brust": 0,
                            "in_rate": 0
                          }
                        ]
                      }
                    ],
                    "created_time": 1763044967,
                    "devices": [
                      {
                        "primary": [
                          {
                            "dev_id": 306,
                            "iface01": "ens10",
                            "iface02": ""
                          }
                        ]
                      }
                    ],
                    "gid": 2001,
                    "guid": 755,
                    "gw_id": 755,
                    "lock_status": "UNLOCKED",
                    "milestones": 6206,
                    "owner_id": 295,
                    "owner_type": "VINS",
                    "pure_virtual": true,
                    "routes": [],
                    "status": "ENABLED",
                    "tech_status": "STARTED",
                    "type": "GW"
                  }
                ],
                "nat": [
                  {
                    "_ckey": "",
                    "account_id": 3,
                    "config": [
                      {
                        "net_mask": 24,
                        "network": "192.168.199.0",
                        "rules": []
                      }
                    ],
                    "created_time": 1763044968,
                    "devices": [
                      {
                        "primary": [
                          {
                            "dev_id": 306,
                            "iface01": "ens11",
                            "iface02": "ens10"
                          }
                        ]
                      }
                    ],
                    "gid": 2001,
                    "guid": 757,
                    "lock_status": "UNLOCKED",
                    "milestones": 6208,
                    "nat_id": 757,
                    "owner_id": 295,
                    "owner_type": "VINS",
                    "pure_virtual": true,
                    "routes": [],
                    "status": "ENABLED",
                    "tech_status": "STARTED",
                    "type": "NAT"
                  }
                ]
              }
            ],
            "vxlan_id": 218
          },
          "sensitive_attributes": [],
          "identity_schema_version": 0,
          "private": "eyJlMmJmYjczMC1lY2FhLTExZTYtOGY4OC0zNDM2M2JjN2M0YzAiOnsiY3JlYXRlIjoxMjAwMDAwMDAwMDAwLCJkZWZhdWx0Ijo2MDAwMDAwMDAwMDAsImRlbGV0ZSI6NjAwMDAwMDAwMDAwLCJyZWFkIjo2MDAwMDAwMDAwMDAsInVwZGF0ZSI6MTIwMDAwMDAwMDAwMH0sInNjaGVtYV92ZXJzaW9uIjoiMSJ9",
          "dependencies": [
            "decort_resgroup.rg"
          ]
        }
      ]
    }
  ],
  "check_results": null
}
